// !$*UTF8*$!
{
	archiveVersion = 1;
	classes = {
	};
	objectVersion = 55;
	objects = {

/* Begin PBXBuildFile section */
		1F4EDF4228B6669000CB31F8 /* BeerListCoordinator.swift in Sources */ = {isa = PBXBuildFile; fileRef = 1F4EDF4128B6669000CB31F8 /* BeerListCoordinator.swift */; };
		1F52344928AEBCA700C3E9ED /* UIViewExtension.swift in Sources */ = {isa = PBXBuildFile; fileRef = 1F52344828AEBCA700C3E9ED /* UIViewExtension.swift */; };
		1F52344B28AEBFC900C3E9ED /* BeerListTableViewCell.swift in Sources */ = {isa = PBXBuildFile; fileRef = 1F52344A28AEBFC900C3E9ED /* BeerListTableViewCell.swift */; };
		1F52344D28AED2D700C3E9ED /* GenericService.swift in Sources */ = {isa = PBXBuildFile; fileRef = 1F52344C28AED2D700C3E9ED /* GenericService.swift */; };
		1F52345128AEDC7000C3E9ED /* BeerDetailView.swift in Sources */ = {isa = PBXBuildFile; fileRef = 1F52345028AEDC7000C3E9ED /* BeerDetailView.swift */; };
		1F52345528AEDCAD00C3E9ED /* BeerDetailViewModel.swift in Sources */ = {isa = PBXBuildFile; fileRef = 1F52345428AEDCAD00C3E9ED /* BeerDetailViewModel.swift */; };
		1F52345728AEDDD200C3E9ED /* BeerDetailViewController.swift in Sources */ = {isa = PBXBuildFile; fileRef = 1F52345628AEDDD200C3E9ED /* BeerDetailViewController.swift */; };
		1F52345928AEDFF500C3E9ED /* BeerDetailTableViewCell.swift in Sources */ = {isa = PBXBuildFile; fileRef = 1F52345828AEDFF500C3E9ED /* BeerDetailTableViewCell.swift */; };
		1FB367C728AD7D5D00AC11CF /* AppDelegate.swift in Sources */ = {isa = PBXBuildFile; fileRef = 1FB367C628AD7D5D00AC11CF /* AppDelegate.swift */; };
		1FB367C928AD7D5D00AC11CF /* SceneDelegate.swift in Sources */ = {isa = PBXBuildFile; fileRef = 1FB367C828AD7D5D00AC11CF /* SceneDelegate.swift */; };
		1FB367D028AD7D5E00AC11CF /* Assets.xcassets in Resources */ = {isa = PBXBuildFile; fileRef = 1FB367CF28AD7D5E00AC11CF /* Assets.xcassets */; };
		1FB367D328AD7D5E00AC11CF /* LaunchScreen.storyboard in Resources */ = {isa = PBXBuildFile; fileRef = 1FB367D128AD7D5E00AC11CF /* LaunchScreen.storyboard */; };
		1FB367DD28AD7DCF00AC11CF /* BeerListView.swift in Sources */ = {isa = PBXBuildFile; fileRef = 1FB367DC28AD7DCF00AC11CF /* BeerListView.swift */; };
		1FB367E228AD7E0D00AC11CF /* BeerListViewController.swift in Sources */ = {isa = PBXBuildFile; fileRef = 1FB367E128AD7E0D00AC11CF /* BeerListViewController.swift */; };
		1FB367E428AD7E2A00AC11CF /* BeerListViewModel.swift in Sources */ = {isa = PBXBuildFile; fileRef = 1FB367E328AD7E2A00AC11CF /* BeerListViewModel.swift */; };
		1FB367EC28AD89F600AC11CF /* BeerService.swift in Sources */ = {isa = PBXBuildFile; fileRef = 1FB367EB28AD89F600AC11CF /* BeerService.swift */; };
		1FBF6A4728AFD9F900BA7E05 /* BeerModel.swift in Sources */ = {isa = PBXBuildFile; fileRef = 1FBF6A4628AFD9F900BA7E05 /* BeerModel.swift */; };
		9AE81BDAEEEB94FC5BBA8994 /* Pods_BeerChallenge.framework in Frameworks */ = {isa = PBXBuildFile; fileRef = 6E29A7346853E82BA5ECD06C /* Pods_BeerChallenge.framework */; };
/* End PBXBuildFile section */

/* Begin PBXFileReference section */
		1F4EDF4128B6669000CB31F8 /* BeerListCoordinator.swift */ = {isa = PBXFileReference; lastKnownFileType = sourcecode.swift; path = BeerListCoordinator.swift; sourceTree = "<group>"; };
		1F52344828AEBCA700C3E9ED /* UIViewExtension.swift */ = {isa = PBXFileReference; lastKnownFileType = sourcecode.swift; path = UIViewExtension.swift; sourceTree = "<group>"; };
		1F52344A28AEBFC900C3E9ED /* BeerListTableViewCell.swift */ = {isa = PBXFileReference; lastKnownFileType = sourcecode.swift; path = BeerListTableViewCell.swift; sourceTree = "<group>"; };
		1F52344C28AED2D700C3E9ED /* GenericService.swift */ = {isa = PBXFileReference; lastKnownFileType = sourcecode.swift; path = GenericService.swift; sourceTree = "<group>"; };
		1F52345028AEDC7000C3E9ED /* BeerDetailView.swift */ = {isa = PBXFileReference; lastKnownFileType = sourcecode.swift; path = BeerDetailView.swift; sourceTree = "<group>"; };
		1F52345428AEDCAD00C3E9ED /* BeerDetailViewModel.swift */ = {isa = PBXFileReference; lastKnownFileType = sourcecode.swift; path = BeerDetailViewModel.swift; sourceTree = "<group>"; };
		1F52345628AEDDD200C3E9ED /* BeerDetailViewController.swift */ = {isa = PBXFileReference; lastKnownFileType = sourcecode.swift; path = BeerDetailViewController.swift; sourceTree = "<group>"; };
		1F52345828AEDFF500C3E9ED /* BeerDetailTableViewCell.swift */ = {isa = PBXFileReference; lastKnownFileType = sourcecode.swift; path = BeerDetailTableViewCell.swift; sourceTree = "<group>"; };
		1FB367C328AD7D5D00AC11CF /* BeerChallenge.app */ = {isa = PBXFileReference; explicitFileType = wrapper.application; includeInIndex = 0; path = BeerChallenge.app; sourceTree = BUILT_PRODUCTS_DIR; };
		1FB367C628AD7D5D00AC11CF /* AppDelegate.swift */ = {isa = PBXFileReference; lastKnownFileType = sourcecode.swift; path = AppDelegate.swift; sourceTree = "<group>"; };
		1FB367C828AD7D5D00AC11CF /* SceneDelegate.swift */ = {isa = PBXFileReference; lastKnownFileType = sourcecode.swift; path = SceneDelegate.swift; sourceTree = "<group>"; };
		1FB367CF28AD7D5E00AC11CF /* Assets.xcassets */ = {isa = PBXFileReference; lastKnownFileType = folder.assetcatalog; path = Assets.xcassets; sourceTree = "<group>"; };
		1FB367D228AD7D5E00AC11CF /* Base */ = {isa = PBXFileReference; lastKnownFileType = file.storyboard; name = Base; path = Base.lproj/LaunchScreen.storyboard; sourceTree = "<group>"; };
		1FB367D428AD7D5E00AC11CF /* Info.plist */ = {isa = PBXFileReference; lastKnownFileType = text.plist.xml; path = Info.plist; sourceTree = "<group>"; };
		1FB367DC28AD7DCF00AC11CF /* BeerListView.swift */ = {isa = PBXFileReference; lastKnownFileType = sourcecode.swift; path = BeerListView.swift; sourceTree = "<group>"; };
		1FB367E128AD7E0D00AC11CF /* BeerListViewController.swift */ = {isa = PBXFileReference; lastKnownFileType = sourcecode.swift; path = BeerListViewController.swift; sourceTree = "<group>"; };
		1FB367E328AD7E2A00AC11CF /* BeerListViewModel.swift */ = {isa = PBXFileReference; lastKnownFileType = sourcecode.swift; path = BeerListViewModel.swift; sourceTree = "<group>"; };
		1FB367EB28AD89F600AC11CF /* BeerService.swift */ = {isa = PBXFileReference; lastKnownFileType = sourcecode.swift; path = BeerService.swift; sourceTree = "<group>"; };
		1FBF6A4628AFD9F900BA7E05 /* BeerModel.swift */ = {isa = PBXFileReference; lastKnownFileType = sourcecode.swift; path = BeerModel.swift; sourceTree = "<group>"; };
		34EB0735730C4B3BA9EA7A88 /* Pods-BeerChallenge.release.xcconfig */ = {isa = PBXFileReference; includeInIndex = 1; lastKnownFileType = text.xcconfig; name = "Pods-BeerChallenge.release.xcconfig"; path = "Target Support Files/Pods-BeerChallenge/Pods-BeerChallenge.release.xcconfig"; sourceTree = "<group>"; };
		6E29A7346853E82BA5ECD06C /* Pods_BeerChallenge.framework */ = {isa = PBXFileReference; explicitFileType = wrapper.framework; includeInIndex = 0; path = Pods_BeerChallenge.framework; sourceTree = BUILT_PRODUCTS_DIR; };
		A1E89A41AB4C531DA1DD788A /* Pods-BeerChallenge.debug.xcconfig */ = {isa = PBXFileReference; includeInIndex = 1; lastKnownFileType = text.xcconfig; name = "Pods-BeerChallenge.debug.xcconfig"; path = "Target Support Files/Pods-BeerChallenge/Pods-BeerChallenge.debug.xcconfig"; sourceTree = "<group>"; };
/* End PBXFileReference section */

/* Begin PBXFrameworksBuildPhase section */
		1FB367C028AD7D5D00AC11CF /* Frameworks */ = {
			isa = PBXFrameworksBuildPhase;
			buildActionMask = 2147483647;
			files = (
				9AE81BDAEEEB94FC5BBA8994 /* Pods_BeerChallenge.framework in Frameworks */,
			);
			runOnlyForDeploymentPostprocessing = 0;
		};
/* End PBXFrameworksBuildPhase section */

/* Begin PBXGroup section */
		1F4EDF4328B6669900CB31F8 /* Coordinator */ = {
			isa = PBXGroup;
			children = (
				1F4EDF4128B6669000CB31F8 /* BeerListCoordinator.swift */,
			);
			path = Coordinator;
			sourceTree = "<group>";
		};
		1F52343828AEAFF600C3E9ED /* App */ = {
			isa = PBXGroup;
			children = (
				1FB367C628AD7D5D00AC11CF /* AppDelegate.swift */,
				1FB367C828AD7D5D00AC11CF /* SceneDelegate.swift */,
			);
			path = App;
			sourceTree = "<group>";
		};
		1F52343928AEAFFC00C3E9ED /* Source */ = {
			isa = PBXGroup;
			children = (
				1F52343B28AEB03000C3E9ED /* Product */,
			);
			path = Source;
			sourceTree = "<group>";
		};
		1F52343B28AEB03000C3E9ED /* Product */ = {
			isa = PBXGroup;
			children = (
				1F52344728AEBC9100C3E9ED /* Utilities */,
				1F52343D28AEB06D00C3E9ED /* BeerList */,
				1F52343C28AEB06600C3E9ED /* BeerDetail */,
			);
			path = Product;
			sourceTree = "<group>";
		};
		1F52343C28AEB06600C3E9ED /* BeerDetail */ = {
			isa = PBXGroup;
			children = (
				1F52343E28AEB1A400C3E9ED /* Feature */,
			);
			path = BeerDetail;
			sourceTree = "<group>";
		};
		1F52343D28AEB06D00C3E9ED /* BeerList */ = {
			isa = PBXGroup;
			children = (
				1FB367DA28AD7DAD00AC11CF /* Feature */,
				1FB367E528AD7F1000AC11CF /* Model */,
				1FB367EA28AD891C00AC11CF /* Service */,
			);
			path = BeerList;
			sourceTree = "<group>";
		};
		1F52343E28AEB1A400C3E9ED /* Feature */ = {
			isa = PBXGroup;
			children = (
				1F52344E28AEDC3D00C3E9ED /* BeerDetail */,
			);
			path = Feature;
			sourceTree = "<group>";
		};
		1F52344728AEBC9100C3E9ED /* Utilities */ = {
			isa = PBXGroup;
			children = (
				1F52344828AEBCA700C3E9ED /* UIViewExtension.swift */,
			);
			path = Utilities;
			sourceTree = "<group>";
		};
		1F52344E28AEDC3D00C3E9ED /* BeerDetail */ = {
			isa = PBXGroup;
			children = (
				1F52345028AEDC7000C3E9ED /* BeerDetailView.swift */,
				1F52345428AEDCAD00C3E9ED /* BeerDetailViewModel.swift */,
				1F52345628AEDDD200C3E9ED /* BeerDetailViewController.swift */,
				1F52345828AEDFF500C3E9ED /* BeerDetailTableViewCell.swift */,
			);
			path = BeerDetail;
			sourceTree = "<group>";
		};
		1FB367BA28AD7D5D00AC11CF = {
			isa = PBXGroup;
			children = (
				1FB367C528AD7D5D00AC11CF /* BeerChallenge */,
				1FB367C428AD7D5D00AC11CF /* Products */,
				B3A0FAD77576D695DAD2EE64 /* Pods */,
				4044DE797E01A4F288615952 /* Frameworks */,
			);
			sourceTree = "<group>";
		};
		1FB367C428AD7D5D00AC11CF /* Products */ = {
			isa = PBXGroup;
			children = (
				1FB367C328AD7D5D00AC11CF /* BeerChallenge.app */,
			);
			name = Products;
			sourceTree = "<group>";
		};
		1FB367C528AD7D5D00AC11CF /* BeerChallenge */ = {
			isa = PBXGroup;
			children = (
				1F52343928AEAFFC00C3E9ED /* Source */,
				1F52343828AEAFF600C3E9ED /* App */,
				1FB367CF28AD7D5E00AC11CF /* Assets.xcassets */,
				1FB367D128AD7D5E00AC11CF /* LaunchScreen.storyboard */,
				1FB367D428AD7D5E00AC11CF /* Info.plist */,
			);
			path = BeerChallenge;
			sourceTree = "<group>";
		};
		1FB367DA28AD7DAD00AC11CF /* Feature */ = {
			isa = PBXGroup;
			children = (
				1FB367DB28AD7DB500AC11CF /* BeerList */,
			);
			path = Feature;
			sourceTree = "<group>";
		};
		1FB367DB28AD7DB500AC11CF /* BeerList */ = {
			isa = PBXGroup;
			children = (
				1F4EDF4328B6669900CB31F8 /* Coordinator */,
				1FB367DC28AD7DCF00AC11CF /* BeerListView.swift */,
				1FB367E128AD7E0D00AC11CF /* BeerListViewController.swift */,
				1FB367E328AD7E2A00AC11CF /* BeerListViewModel.swift */,
				1F52344A28AEBFC900C3E9ED /* BeerListTableViewCell.swift */,
			);
			path = BeerList;
			sourceTree = "<group>";
		};
		1FB367E528AD7F1000AC11CF /* Model */ = {
			isa = PBXGroup;
			children = (
				1FBF6A4628AFD9F900BA7E05 /* BeerModel.swift */,
			);
			path = Model;
			sourceTree = "<group>";
		};
		1FB367EA28AD891C00AC11CF /* Service */ = {
			isa = PBXGroup;
			children = (
				1FB367EB28AD89F600AC11CF /* BeerService.swift */,
				1F52344C28AED2D700C3E9ED /* GenericService.swift */,
			);
			path = Service;
			sourceTree = "<group>";
		};
		4044DE797E01A4F288615952 /* Frameworks */ = {
			isa = PBXGroup;
			children = (
				6E29A7346853E82BA5ECD06C /* Pods_BeerChallenge.framework */,
			);
			name = Frameworks;
			sourceTree = "<group>";
		};
		B3A0FAD77576D695DAD2EE64 /* Pods */ = {
			isa = PBXGroup;
			children = (
				A1E89A41AB4C531DA1DD788A /* Pods-BeerChallenge.debug.xcconfig */,
				34EB0735730C4B3BA9EA7A88 /* Pods-BeerChallenge.release.xcconfig */,
			);
			path = Pods;
			sourceTree = "<group>";
		};
/* End PBXGroup section */

/* Begin PBXNativeTarget section */
		1FB367C228AD7D5D00AC11CF /* BeerChallenge */ = {
			isa = PBXNativeTarget;
			buildConfigurationList = 1FB367D728AD7D5E00AC11CF /* Build configuration list for PBXNativeTarget "BeerChallenge" */;
			buildPhases = (
				EE97C18585B47FC85F875373 /* [CP] Check Pods Manifest.lock */,
				1FB367BF28AD7D5D00AC11CF /* Sources */,
				1FB367C028AD7D5D00AC11CF /* Frameworks */,
				1FB367C128AD7D5D00AC11CF /* Resources */,
				DEA979DDE2CAA731EF78BE3B /* [CP] Embed Pods Frameworks */,
			);
			buildRules = (
			);
			dependencies = (
			);
			name = BeerChallenge;
			productName = BeerChallenge;
			productReference = 1FB367C328AD7D5D00AC11CF /* BeerChallenge.app */;
			productType = "com.apple.product-type.application";
		};
/* End PBXNativeTarget section */

/* Begin PBXProject section */
		1FB367BB28AD7D5D00AC11CF /* Project object */ = {
			isa = PBXProject;
			attributes = {
				BuildIndependentTargetsInParallel = 1;
				LastSwiftUpdateCheck = 1340;
				LastUpgradeCheck = 1340;
				TargetAttributes = {
					1FB367C228AD7D5D00AC11CF = {
						CreatedOnToolsVersion = 13.4.1;
					};
				};
			};
			buildConfigurationList = 1FB367BE28AD7D5D00AC11CF /* Build configuration list for PBXProject "BeerChallenge" */;
			compatibilityVersion = "Xcode 13.0";
			developmentRegion = en;
			hasScannedForEncodings = 0;
			knownRegions = (
				en,
				Base,
			);
			mainGroup = 1FB367BA28AD7D5D00AC11CF;
			productRefGroup = 1FB367C428AD7D5D00AC11CF /* Products */;
			projectDirPath = "";
			projectRoot = "";
			targets = (
				1FB367C228AD7D5D00AC11CF /* BeerChallenge */,
			);
		};
/* End PBXProject section */

/* Begin PBXResourcesBuildPhase section */
		1FB367C128AD7D5D00AC11CF /* Resources */ = {
			isa = PBXResourcesBuildPhase;
			buildActionMask = 2147483647;
			files = (
				1FB367D328AD7D5E00AC11CF /* LaunchScreen.storyboard in Resources */,
				1FB367D028AD7D5E00AC11CF /* Assets.xcassets in Resources */,
			);
			runOnlyForDeploymentPostprocessing = 0;
		};
/* End PBXResourcesBuildPhase section */

/* Begin PBXShellScriptBuildPhase section */
		DEA979DDE2CAA731EF78BE3B /* [CP] Embed Pods Frameworks */ = {
			isa = PBXShellScriptBuildPhase;
			buildActionMask = 2147483647;
			files = (
			);
			inputFileListPaths = (
				"${PODS_ROOT}/Target Support Files/Pods-BeerChallenge/Pods-BeerChallenge-frameworks-${CONFIGURATION}-input-files.xcfilelist",
			);
			name = "[CP] Embed Pods Frameworks";
			outputFileListPaths = (
				"${PODS_ROOT}/Target Support Files/Pods-BeerChallenge/Pods-BeerChallenge-frameworks-${CONFIGURATION}-output-files.xcfilelist",
			);
			runOnlyForDeploymentPostprocessing = 0;
			shellPath = /bin/sh;
			shellScript = "\"${PODS_ROOT}/Target Support Files/Pods-BeerChallenge/Pods-BeerChallenge-frameworks.sh\"\n";
			showEnvVarsInLog = 0;
		};
		EE97C18585B47FC85F875373 /* [CP] Check Pods Manifest.lock */ = {
			isa = PBXShellScriptBuildPhase;
			buildActionMask = 2147483647;
			files = (
			);
			inputFileListPaths = (
			);
			inputPaths = (
				"${PODS_PODFILE_DIR_PATH}/Podfile.lock",
				"${PODS_ROOT}/Manifest.lock",
			);
			name = "[CP] Check Pods Manifest.lock";
			outputFileListPaths = (
			);
			outputPaths = (
				"$(DERIVED_FILE_DIR)/Pods-BeerChallenge-checkManifestLockResult.txt",
			);
			runOnlyForDeploymentPostprocessing = 0;
			shellPath = /bin/sh;
			shellScript = "diff \"${PODS_PODFILE_DIR_PATH}/Podfile.lock\" \"${PODS_ROOT}/Manifest.lock\" > /dev/null\nif [ $? != 0 ] ; then\n    # print error to STDERR\n    echo \"error: The sandbox is not in sync with the Podfile.lock. Run 'pod install' or update your CocoaPods installation.\" >&2\n    exit 1\nfi\n# This output is used by Xcode 'outputs' to avoid re-running this script phase.\necho \"SUCCESS\" > \"${SCRIPT_OUTPUT_FILE_0}\"\n";
			showEnvVarsInLog = 0;
		};
/* End PBXShellScriptBuildPhase section */

/* Begin PBXSourcesBuildPhase section */
		1FB367BF28AD7D5D00AC11CF /* Sources */ = {
			isa = PBXSourcesBuildPhase;
			buildActionMask = 2147483647;
			files = (
				1FB367DD28AD7DCF00AC11CF /* BeerListView.swift in Sources */,
				1FBF6A4728AFD9F900BA7E05 /* BeerModel.swift in Sources */,
				1F52345928AEDFF500C3E9ED /* BeerDetailTableViewCell.swift in Sources */,
				1FB367EC28AD89F600AC11CF /* BeerService.swift in Sources */,
				1F4EDF4228B6669000CB31F8 /* BeerListCoordinator.swift in Sources */,
				1FB367E428AD7E2A00AC11CF /* BeerListViewModel.swift in Sources */,
				1F52344D28AED2D700C3E9ED /* GenericService.swift in Sources */,
				1FB367C728AD7D5D00AC11CF /* AppDelegate.swift in Sources */,
				1F52345728AEDDD200C3E9ED /* BeerDetailViewController.swift in Sources */,
				1F52344928AEBCA700C3E9ED /* UIViewExtension.swift in Sources */,
				1FB367C928AD7D5D00AC11CF /* SceneDelegate.swift in Sources */,
				1FB367E228AD7E0D00AC11CF /* BeerListViewController.swift in Sources */,
				1F52344B28AEBFC900C3E9ED /* BeerListTableViewCell.swift in Sources */,
				1F52345128AEDC7000C3E9ED /* BeerDetailView.swift in Sources */,
				1F52345528AEDCAD00C3E9ED /* BeerDetailViewModel.swift in Sources */,
			);
			runOnlyForDeploymentPostprocessing = 0;
		};
/* End PBXSourcesBuildPhase section */

/* Begin PBXVariantGroup section */
		1FB367D128AD7D5E00AC11CF /* LaunchScreen.storyboard */ = {
			isa = PBXVariantGroup;
			children = (
				1FB367D228AD7D5E00AC11CF /* Base */,
			);
			name = LaunchScreen.storyboard;
			sourceTree = "<group>";
		};
/* End PBXVariantGroup section */

/* Begin XCBuildConfiguration section */
		1FB367D528AD7D5E00AC11CF /* Debug */ = {
			isa = XCBuildConfiguration;
			buildSettings = {
				ALWAYS_SEARCH_USER_PATHS = NO;
				CLANG_ANALYZER_NONNULL = YES;
				CLANG_ANALYZER_NUMBER_OBJECT_CONVERSION = YES_AGGRESSIVE;
				CLANG_CXX_LANGUAGE_STANDARD = "gnu++17";
				CLANG_ENABLE_MODULES = YES;
				CLANG_ENABLE_OBJC_ARC = YES;
				CLANG_ENABLE_OBJC_WEAK = YES;
				CLANG_WARN_BLOCK_CAPTURE_AUTORELEASING = YES;
				CLANG_WARN_BOOL_CONVERSION = YES;
				CLANG_WARN_COMMA = YES;
				CLANG_WARN_CONSTANT_CONVERSION = YES;
				CLANG_WARN_DEPRECATED_OBJC_IMPLEMENTATIONS = YES;
				CLANG_WARN_DIRECT_OBJC_ISA_USAGE = YES_ERROR;
				CLANG_WARN_DOCUMENTATION_COMMENTS = YES;
				CLANG_WARN_EMPTY_BODY = YES;
				CLANG_WARN_ENUM_CONVERSION = YES;
				CLANG_WARN_INFINITE_RECURSION = YES;
				CLANG_WARN_INT_CONVERSION = YES;
				CLANG_WARN_NON_LITERAL_NULL_CONVERSION = YES;
				CLANG_WARN_OBJC_IMPLICIT_RETAIN_SELF = YES;
				CLANG_WARN_OBJC_LITERAL_CONVERSION = YES;
				CLANG_WARN_OBJC_ROOT_CLASS = YES_ERROR;
				CLANG_WARN_QUOTED_INCLUDE_IN_FRAMEWORK_HEADER = YES;
				CLANG_WARN_RANGE_LOOP_ANALYSIS = YES;
				CLANG_WARN_STRICT_PROTOTYPES = YES;
				CLANG_WARN_SUSPICIOUS_MOVE = YES;
				CLANG_WARN_UNGUARDED_AVAILABILITY = YES_AGGRESSIVE;
				CLANG_WARN_UNREACHABLE_CODE = YES;
				CLANG_WARN__DUPLICATE_METHOD_MATCH = YES;
				COPY_PHASE_STRIP = NO;
				DEBUG_INFORMATION_FORMAT = dwarf;
				ENABLE_STRICT_OBJC_MSGSEND = YES;
				ENABLE_TESTABILITY = YES;
				GCC_C_LANGUAGE_STANDARD = gnu11;
				GCC_DYNAMIC_NO_PIC = NO;
				GCC_NO_COMMON_BLOCKS = YES;
				GCC_OPTIMIZATION_LEVEL = 0;
				GCC_PREPROCESSOR_DEFINITIONS = (
					"DEBUG=1",
					"$(inherited)",
				);
				GCC_WARN_64_TO_32_BIT_CONVERSION = YES;
				GCC_WARN_ABOUT_RETURN_TYPE = YES_ERROR;
				GCC_WARN_UNDECLARED_SELECTOR = YES;
				GCC_WARN_UNINITIALIZED_AUTOS = YES_AGGRESSIVE;
				GCC_WARN_UNUSED_FUNCTION = YES;
				GCC_WARN_UNUSED_VARIABLE = YES;
				IPHONEOS_DEPLOYMENT_TARGET = 15.5;
				MTL_ENABLE_DEBUG_INFO = INCLUDE_SOURCE;
				MTL_FAST_MATH = YES;
				ONLY_ACTIVE_ARCH = YES;
				SDKROOT = iphoneos;
				SWIFT_ACTIVE_COMPILATION_CONDITIONS = DEBUG;
				SWIFT_OPTIMIZATION_LEVEL = "-Onone";
			};
			name = Debug;
		};
		1FB367D628AD7D5E00AC11CF /* Release */ = {
			isa = XCBuildConfiguration;
			buildSettings = {
				ALWAYS_SEARCH_USER_PATHS = NO;
				CLANG_ANALYZER_NONNULL = YES;
				CLANG_ANALYZER_NUMBER_OBJECT_CONVERSION = YES_AGGRESSIVE;
				CLANG_CXX_LANGUAGE_STANDARD = "gnu++17";
				CLANG_ENABLE_MODULES = YES;
				CLANG_ENABLE_OBJC_ARC = YES;
				CLANG_ENABLE_OBJC_WEAK = YES;
				CLANG_WARN_BLOCK_CAPTURE_AUTORELEASING = YES;
				CLANG_WARN_BOOL_CONVERSION = YES;
				CLANG_WARN_COMMA = YES;
				CLANG_WARN_CONSTANT_CONVERSION = YES;
				CLANG_WARN_DEPRECATED_OBJC_IMPLEMENTATIONS = YES;
				CLANG_WARN_DIRECT_OBJC_ISA_USAGE = YES_ERROR;
				CLANG_WARN_DOCUMENTATION_COMMENTS = YES;
				CLANG_WARN_EMPTY_BODY = YES;
				CLANG_WARN_ENUM_CONVERSION = YES;
				CLANG_WARN_INFINITE_RECURSION = YES;
				CLANG_WARN_INT_CONVERSION = YES;
				CLANG_WARN_NON_LITERAL_NULL_CONVERSION = YES;
				CLANG_WARN_OBJC_IMPLICIT_RETAIN_SELF = YES;
				CLANG_WARN_OBJC_LITERAL_CONVERSION = YES;
				CLANG_WARN_OBJC_ROOT_CLASS = YES_ERROR;
				CLANG_WARN_QUOTED_INCLUDE_IN_FRAMEWORK_HEADER = YES;
				CLANG_WARN_RANGE_LOOP_ANALYSIS = YES;
				CLANG_WARN_STRICT_PROTOTYPES = YES;
				CLANG_WARN_SUSPICIOUS_MOVE = YES;
				CLANG_WARN_UNGUARDED_AVAILABILITY = YES_AGGRESSIVE;
				CLANG_WARN_UNREACHABLE_CODE = YES;
				CLANG_WARN__DUPLICATE_METHOD_MATCH = YES;
				COPY_PHASE_STRIP = NO;
				DEBUG_INFORMATION_FORMAT = "dwarf-with-dsym";
				ENABLE_NS_ASSERTIONS = NO;
				ENABLE_STRICT_OBJC_MSGSEND = YES;
				GCC_C_LANGUAGE_STANDARD = gnu11;
				GCC_NO_COMMON_BLOCKS = YES;
				GCC_WARN_64_TO_32_BIT_CONVERSION = YES;
				GCC_WARN_ABOUT_RETURN_TYPE = YES_ERROR;
				GCC_WARN_UNDECLARED_SELECTOR = YES;
				GCC_WARN_UNINITIALIZED_AUTOS = YES_AGGRESSIVE;
				GCC_WARN_UNUSED_FUNCTION = YES;
				GCC_WARN_UNUSED_VARIABLE = YES;
				IPHONEOS_DEPLOYMENT_TARGET = 15.5;
				MTL_ENABLE_DEBUG_INFO = NO;
				MTL_FAST_MATH = YES;
				SDKROOT = iphoneos;
				SWIFT_COMPILATION_MODE = wholemodule;
				SWIFT_OPTIMIZATION_LEVEL = "-O";
				VALIDATE_PRODUCT = YES;
			};
			name = Release;
		};
		1FB367D828AD7D5E00AC11CF /* Debug */ = {
			isa = XCBuildConfiguration;
			baseConfigurationReference = A1E89A41AB4C531DA1DD788A /* Pods-BeerChallenge.debug.xcconfig */;
			buildSettings = {
				ASSETCATALOG_COMPILER_APPICON_NAME = AppIcon;
				ASSETCATALOG_COMPILER_GLOBAL_ACCENT_COLOR_NAME = AccentColor;
				CODE_SIGN_STYLE = Automatic;
				CURRENT_PROJECT_VERSION = 1;
				DEVELOPMENT_TEAM = F8JL7QVA27;
				GENERATE_INFOPLIST_FILE = YES;
				INFOPLIST_FILE = BeerChallenge/Info.plist;
				INFOPLIST_KEY_UIApplicationSupportsIndirectInputEvents = YES;
				INFOPLIST_KEY_UILaunchStoryboardName = LaunchScreen;
				INFOPLIST_KEY_UISupportedInterfaceOrientations_iPad = "UIInterfaceOrientationPortrait UIInterfaceOrientationPortraitUpsideDown UIInterfaceOrientationLandscapeLeft UIInterfaceOrientationLandscapeRight";
				INFOPLIST_KEY_UISupportedInterfaceOrientations_iPhone = "UIInterfaceOrientationPortrait UIInterfaceOrientationLandscapeLeft UIInterfaceOrientationLandscapeRight";
				LD_RUNPATH_SEARCH_PATHS = (
					"$(inherited)",
					"@executable_path/Frameworks",
				);
				MARKETING_VERSION = 1.0;
				PRODUCT_BUNDLE_IDENTIFIER = personalProject.BeerChallenge;
				PRODUCT_NAME = "$(TARGET_NAME)";
				SWIFT_EMIT_LOC_STRINGS = YES;
				SWIFT_VERSION = 5.0;
				TARGETED_DEVICE_FAMILY = "1,2";
			};
			name = Debug;
		};
		1FB367D928AD7D5E00AC11CF /* Release */ = {
			isa = XCBuildConfiguration;
			baseConfigurationReference = 34EB0735730C4B3BA9EA7A88 /* Pods-BeerChallenge.release.xcconfig */;
			buildSettings = {
				ASSETCATALOG_COMPILER_APPICON_NAME = AppIcon;
				ASSETCATALOG_COMPILER_GLOBAL_ACCENT_COLOR_NAME = AccentColor;
				CODE_SIGN_STYLE = Automatic;
				CURRENT_PROJECT_VERSION = 1;
				DEVELOPMENT_TEAM = F8JL7QVA27;
				GENERATE_INFOPLIST_FILE = YES;
				INFOPLIST_FILE = BeerChallenge/Info.plist;
				INFOPLIST_KEY_UIApplicationSupportsIndirectInputEvents = YES;
				INFOPLIST_KEY_UILaunchStoryboardName = LaunchScreen;
				INFOPLIST_KEY_UISupportedInterfaceOrientations_iPad = "UIInterfaceOrientationPortrait UIInterfaceOrientationPortraitUpsideDown UIInterfaceOrientationLandscapeLeft UIInterfaceOrientationLandscapeRight";
				INFOPLIST_KEY_UISupportedInterfaceOrientations_iPhone = "UIInterfaceOrientationPortrait UIInterfaceOrientationLandscapeLeft UIInterfaceOrientationLandscapeRight";
				LD_RUNPATH_SEARCH_PATHS = (
					"$(inherited)",
					"@executable_path/Frameworks",
				);
				MARKETING_VERSION = 1.0;
				PRODUCT_BUNDLE_IDENTIFIER = personalProject.BeerChallenge;
				PRODUCT_NAME = "$(TARGET_NAME)";
				SWIFT_EMIT_LOC_STRINGS = YES;
				SWIFT_VERSION = 5.0;
				TARGETED_DEVICE_FAMILY = "1,2";
			};
			name = Release;
		};
/* End XCBuildConfiguration section */

/* Begin XCConfigurationList section */
		1FB367BE28AD7D5D00AC11CF /* Build configuration list for PBXProject "BeerChallenge" */ = {
			isa = XCConfigurationList;
			buildConfigurations = (
				1FB367D528AD7D5E00AC11CF /* Debug */,
				1FB367D628AD7D5E00AC11CF /* Release */,
			);
			defaultConfigurationIsVisible = 0;
			defaultConfigurationName = Release;
		};
		1FB367D728AD7D5E00AC11CF /* Build configuration list for PBXNativeTarget "BeerChallenge" */ = {
			isa = XCConfigurationList;
			buildConfigurations = (
				1FB367D828AD7D5E00AC11CF /* Debug */,
				1FB367D928AD7D5E00AC11CF /* Release */,
			);
			defaultConfigurationIsVisible = 0;
			defaultConfigurationName = Release;
		};
/* End XCConfigurationList section */
	};
	rootObject = 1FB367BB28AD7D5D00AC11CF /* Project object */;
}
